
Microsoft Visual Studio Solution File, Format Version 12.00
# Visual Studio Version 16
VisualStudioVersion = 16.0.30503.244
MinimumVisualStudioVersion = 10.0.40219.1
Project("{2150E333-8FDC-42A3-9474-1A3956D46DE8}") = "Application", "Application", "{41048289-AC99-464C-83CB-7E7622B695C5}"
EndProject
Project("{2150E333-8FDC-42A3-9474-1A3956D46DE8}") = "Domain", "Domain", "{86BCC283-E471-49E4-A733-102021B55DC5}"
EndProject
Project("{2150E333-8FDC-42A3-9474-1A3956D46DE8}") = "Infrastructure", "Infrastructure", "{05E4DCF8-DB38-447A-A432-3894F013C4F1}"
EndProject
Project("{2150E333-8FDC-42A3-9474-1A3956D46DE8}") = "WebAPI", "WebAPI", "{238BD55E-8413-4EE1-8DEA-ACCFB7E77A07}"
EndProject
Project("{9A19103F-16F7-4668-BE54-9A1E7A4F7556}") = "Application", "Application\Application.csproj", "{1809D3BE-EFB6-48FA-B6D1-B6C07672E2F8}"
EndProject
Project("{9A19103F-16F7-4668-BE54-9A1E7A4F7556}") = "Domain", "Domain\Domain.csproj", "{C077C2B8-2F4D-45FC-8FC7-83ABE79E5D20}"
EndProject
Project("{9A19103F-16F7-4668-BE54-9A1E7A4F7556}") = "Persistence", "Persistence\Persistence.csproj", "{E1460D84-6C69-4A18-836F-6EF9D76CE5B7}"
EndProject
Project("{9A19103F-16F7-4668-BE54-9A1E7A4F7556}") = "WebAPI", "WebAPI\WebAPI.csproj", "{E267A9DF-7D94-40BF-931B-4FF64D51FFEC}"
EndProject
Global
	GlobalSection(SolutionConfigurationPlatforms) = preSolution
		Debug|Any CPU = Debug|Any CPU
		Release|Any CPU = Release|Any CPU
	EndGlobalSection
	GlobalSection(ProjectConfigurationPlatforms) = postSolution
		{1809D3BE-EFB6-48FA-B6D1-B6C07672E2F8}.Debug|Any CPU.ActiveCfg = Debug|Any CPU
		{1809D3BE-EFB6-48FA-B6D1-B6C07672E2F8}.Debug|Any CPU.Build.0 = Debug|Any CPU
		{1809D3BE-EFB6-48FA-B6D1-B6C07672E2F8}.Release|Any CPU.ActiveCfg = Release|Any CPU
		{1809D3BE-EFB6-48FA-B6D1-B6C07672E2F8}.Release|Any CPU.Build.0 = Release|Any CPU
		{C077C2B8-2F4D-45FC-8FC7-83ABE79E5D20}.Debug|Any CPU.ActiveCfg = Debug|Any CPU
		{C077C2B8-2F4D-45FC-8FC7-83ABE79E5D20}.Debug|Any CPU.Build.0 = Debug|Any CPU
		{C077C2B8-2F4D-45FC-8FC7-83ABE79E5D20}.Release|Any CPU.ActiveCfg = Release|Any CPU
		{C077C2B8-2F4D-45FC-8FC7-83ABE79E5D20}.Release|Any CPU.Build.0 = Release|Any CPU
		{E1460D84-6C69-4A18-836F-6EF9D76CE5B7}.Debug|Any CPU.ActiveCfg = Debug|Any CPU
		{E1460D84-6C69-4A18-836F-6EF9D76CE5B7}.Debug|Any CPU.Build.0 = Debug|Any CPU
		{E1460D84-6C69-4A18-836F-6EF9D76CE5B7}.Release|Any CPU.ActiveCfg = Release|Any CPU
		{E1460D84-6C69-4A18-836F-6EF9D76CE5B7}.Release|Any CPU.Build.0 = Release|Any CPU
		{E267A9DF-7D94-40BF-931B-4FF64D51FFEC}.Debug|Any CPU.ActiveCfg = Debug|Any CPU
		{E267A9DF-7D94-40BF-931B-4FF64D51FFEC}.Debug|Any CPU.Build.0 = Debug|Any CPU
		{E267A9DF-7D94-40BF-931B-4FF64D51FFEC}.Release|Any CPU.ActiveCfg = Release|Any CPU
		{E267A9DF-7D94-40BF-931B-4FF64D51FFEC}.Release|Any CPU.Build.0 = Release|Any CPU
	EndGlobalSection
	GlobalSection(SolutionProperties) = preSolution
		HideSolutionNode = FALSE
	EndGlobalSection
	GlobalSection(NestedProjects) = preSolution
		{1809D3BE-EFB6-48FA-B6D1-B6C07672E2F8} = {41048289-AC99-464C-83CB-7E7622B695C5}
		{C077C2B8-2F4D-45FC-8FC7-83ABE79E5D20} = {86BCC283-E471-49E4-A733-102021B55DC5}
		{E1460D84-6C69-4A18-836F-6EF9D76CE5B7} = {05E4DCF8-DB38-447A-A432-3894F013C4F1}
		{E267A9DF-7D94-40BF-931B-4FF64D51FFEC} = {238BD55E-8413-4EE1-8DEA-ACCFB7E77A07}
	EndGlobalSection
	GlobalSection(ExtensibilityGlobals) = postSolution
		SolutionGuid = {A63DF0AB-D02E-40B2-869D-A77003DF4030}
	EndGlobalSection
EndGlobal
